
Microsoft Visual Studio Solution File, Format Version 12.00
# Visual Studio Version 17
VisualStudioVersion = 17.8.34525.116
MinimumVisualStudioVersion = 10.0.40219.1
Project("{9A19103F-16F7-4668-BE54-9A1E7A4F7556}") = "HackerNewsClientAPI", "HackerNewClientApp\HackerNewsClientAPI.csproj", "{57623FFD-8EDD-4027-A005-24E0CDDA11E1}"
EndProject
Global
	GlobalSection(SolutionConfigurationPlatforms) = preSolution
		Debug|Any CPU = Debug|Any CPU
		Release|Any CPU = Release|Any CPU
	EndGlobalSection
	GlobalSection(ProjectConfigurationPlatforms) = postSolution
		{57623FFD-8EDD-4027-A005-24E0CDDA11E1}.Debug|Any CPU.ActiveCfg = Debug|Any CPU
		{57623FFD-8EDD-4027-A005-24E0CDDA11E1}.Debug|Any CPU.Build.0 = Debug|Any CPU
		{57623FFD-8EDD-4027-A005-24E0CDDA11E1}.Release|Any CPU.ActiveCfg = Release|Any CPU
		{57623FFD-8EDD-4027-A005-24E0CDDA11E1}.Release|Any CPU.Build.0 = Release|Any CPU
	EndGlobalSection
	GlobalSection(SolutionProperties) = preSolution
		HideSolutionNode = FALSE
	EndGlobalSection
	GlobalSection(ExtensibilityGlobals) = postSolution
		SolutionGuid = {153F1A26-E2DD-4961-871D-6BB89D41BD6D}
	EndGlobalSection
EndGlobal
